
Microsoft Visual Studio Solution File, Format Version 12.00
Project("{FAE04EC0-301F-11D3-BF4B-00C04F79EFBC}") = "WebAPI", "WebAPI\WebAPI.csproj", "{44319D69-871E-4104-A6CF-538485EF2669}"
EndProject
Project("{FAE04EC0-301F-11D3-BF4B-00C04F79EFBC}") = "IoC", "IoC\IoC.csproj", "{21DB57D7-BB97-4DA2-9DD4-5D970BEF8DC3}"
EndProject
Project("{FAE04EC0-301F-11D3-BF4B-00C04F79EFBC}") = "Application", "Application\Application.csproj", "{C0EF9174-3175-465F-8B26-CADA52F020AA}"
EndProject
Project("{FAE04EC0-301F-11D3-BF4B-00C04F79EFBC}") = "Domain", "Domain\Domain.csproj", "{A076647A-DC9F-4575-AE82-AB06151F10B9}"
EndProject
Project("{FAE04EC0-301F-11D3-BF4B-00C04F79EFBC}") = "Infrastructure", "Infrastructure\Infrastructure.csproj", "{36CBA2C8-CEAA-457E-ADCA-DBF7B45F5E13}"
EndProject
Project("{2150E333-8FDC-42A3-9474-1A3956D46DE8}") = "tests", "tests", "{BC5E33BD-6B13-4C06-ADA8-B9129561BEC4}"
EndProject
Project("{2150E333-8FDC-42A3-9474-1A3956D46DE8}") = "src", "src", "{296EDE8F-E166-456E-ABA3-54D37BC844A9}"
EndProject
Project("{FAE04EC0-301F-11D3-BF4B-00C04F79EFBC}") = "Application.UnitTests", "Application.UnitTests\Application.UnitTests.csproj", "{1D4DDAE0-3DCE-4CE6-949D-23736F45B95D}"
EndProject
Global
	GlobalSection(SolutionConfigurationPlatforms) = preSolution
		Debug|Any CPU = Debug|Any CPU
		Release|Any CPU = Release|Any CPU
	EndGlobalSection
	GlobalSection(ProjectConfigurationPlatforms) = postSolution
		{44319D69-871E-4104-A6CF-538485EF2669}.Debug|Any CPU.ActiveCfg = Debug|Any CPU
		{44319D69-871E-4104-A6CF-538485EF2669}.Debug|Any CPU.Build.0 = Debug|Any CPU
		{44319D69-871E-4104-A6CF-538485EF2669}.Release|Any CPU.ActiveCfg = Release|Any CPU
		{44319D69-871E-4104-A6CF-538485EF2669}.Release|Any CPU.Build.0 = Release|Any CPU
		{21DB57D7-BB97-4DA2-9DD4-5D970BEF8DC3}.Debug|Any CPU.ActiveCfg = Debug|Any CPU
		{21DB57D7-BB97-4DA2-9DD4-5D970BEF8DC3}.Debug|Any CPU.Build.0 = Debug|Any CPU
		{21DB57D7-BB97-4DA2-9DD4-5D970BEF8DC3}.Release|Any CPU.ActiveCfg = Release|Any CPU
		{21DB57D7-BB97-4DA2-9DD4-5D970BEF8DC3}.Release|Any CPU.Build.0 = Release|Any CPU
		{C0EF9174-3175-465F-8B26-CADA52F020AA}.Debug|Any CPU.ActiveCfg = Debug|Any CPU
		{C0EF9174-3175-465F-8B26-CADA52F020AA}.Debug|Any CPU.Build.0 = Debug|Any CPU
		{C0EF9174-3175-465F-8B26-CADA52F020AA}.Release|Any CPU.ActiveCfg = Release|Any CPU
		{C0EF9174-3175-465F-8B26-CADA52F020AA}.Release|Any CPU.Build.0 = Release|Any CPU
		{A076647A-DC9F-4575-AE82-AB06151F10B9}.Debug|Any CPU.ActiveCfg = Debug|Any CPU
		{A076647A-DC9F-4575-AE82-AB06151F10B9}.Debug|Any CPU.Build.0 = Debug|Any CPU
		{A076647A-DC9F-4575-AE82-AB06151F10B9}.Release|Any CPU.ActiveCfg = Release|Any CPU
		{A076647A-DC9F-4575-AE82-AB06151F10B9}.Release|Any CPU.Build.0 = Release|Any CPU
		{36CBA2C8-CEAA-457E-ADCA-DBF7B45F5E13}.Debug|Any CPU.ActiveCfg = Debug|Any CPU
		{36CBA2C8-CEAA-457E-ADCA-DBF7B45F5E13}.Debug|Any CPU.Build.0 = Debug|Any CPU
		{36CBA2C8-CEAA-457E-ADCA-DBF7B45F5E13}.Release|Any CPU.ActiveCfg = Release|Any CPU
		{36CBA2C8-CEAA-457E-ADCA-DBF7B45F5E13}.Release|Any CPU.Build.0 = Release|Any CPU
		{1D4DDAE0-3DCE-4CE6-949D-23736F45B95D}.Debug|Any CPU.ActiveCfg = Debug|Any CPU
		{1D4DDAE0-3DCE-4CE6-949D-23736F45B95D}.Debug|Any CPU.Build.0 = Debug|Any CPU
		{1D4DDAE0-3DCE-4CE6-949D-23736F45B95D}.Release|Any CPU.ActiveCfg = Release|Any CPU
		{1D4DDAE0-3DCE-4CE6-949D-23736F45B95D}.Release|Any CPU.Build.0 = Release|Any CPU
	EndGlobalSection
	GlobalSection(NestedProjects) = preSolution
		{C0EF9174-3175-465F-8B26-CADA52F020AA} = {296EDE8F-E166-456E-ABA3-54D37BC844A9}
		{A076647A-DC9F-4575-AE82-AB06151F10B9} = {296EDE8F-E166-456E-ABA3-54D37BC844A9}
		{36CBA2C8-CEAA-457E-ADCA-DBF7B45F5E13} = {296EDE8F-E166-456E-ABA3-54D37BC844A9}
		{21DB57D7-BB97-4DA2-9DD4-5D970BEF8DC3} = {296EDE8F-E166-456E-ABA3-54D37BC844A9}
		{44319D69-871E-4104-A6CF-538485EF2669} = {296EDE8F-E166-456E-ABA3-54D37BC844A9}
		{1D4DDAE0-3DCE-4CE6-949D-23736F45B95D} = {BC5E33BD-6B13-4C06-ADA8-B9129561BEC4}
	EndGlobalSection
EndGlobal
